Microsoft Visual Studio Solution File, Format Version 12.00
# Visual Studio Version 17
VisualStudioVersion = 17.0.31903.59
MinimumVisualStudioVersion = 10.0.40219.1
Project("{FAE04EC0-301F-11D3-BF4B-00C04F79EFBC}") = "Vyre.App.Core", "src\dotnet\Vyre.App.Core\Vyre.App.Core.csproj", "{A5E28B6E-C743-4AA6-A512-906EF5E85774}"
EndProject
Project("{FAE04EC0-301F-11D3-BF4B-00C04F79EFBC}") = "Vyre.App", "src\dotnet\Vyre.App\Vyre.App.csproj", "{4A5AC998-8D3E-4AC0-A925-6E4BE9518E20}"
EndProject
Global
	GlobalSection(SolutionConfigurationPlatforms) = preSolution
		Debug|Any CPU = Debug|Any CPU
		Release|Any CPU = Release|Any CPU
	EndGlobalSection
	GlobalSection(ProjectConfigurationPlatforms) = postSolution
		{A5E28B6E-C743-4AA6-A512-906EF5E85774}.Debug|Any CPU.ActiveCfg = Debug|Any CPU
		{A5E28B6E-C743-4AA6-A512-906EF5E85774}.Debug|Any CPU.Build.0 = Debug|Any CPU
		{A5E28B6E-C743-4AA6-A512-906EF5E85774}.Release|Any CPU.ActiveCfg = Release|Any CPU
		{A5E28B6E-C743-4AA6-A512-906EF5E85774}.Release|Any CPU.Build.0 = Release|Any CPU
		{4A5AC998-8D3E-4AC0-A925-6E4BE9518E20}.Debug|Any CPU.ActiveCfg = Debug|Any CPU
		{4A5AC998-8D3E-4AC0-A925-6E4BE9518E20}.Debug|Any CPU.Build.0 = Debug|Any CPU
		{4A5AC998-8D3E-4AC0-A925-6E4BE9518E20}.Release|Any CPU.ActiveCfg = Release|Any CPU
		{4A5AC998-8D3E-4AC0-A925-6E4BE9518E20}.Release|Any CPU.Build.0 = Release|Any CPU
	EndGlobalSection
	GlobalSection(SolutionProperties) = preSolution
		HideSolutionNode = FALSE
	EndGlobalSection
EndGlobal
